
Microsoft Visual Studio Solution File, Format Version 12.00
# Visual Studio Version 16
VisualStudioVersion = 16.0.29613.14
MinimumVisualStudioVersion = 10.0.40219.1
Project("{2150E333-8FDC-42A3-9474-1A3956D46DE8}") = "Revit", "Revit", "{33915B34-2C79-46FB-ADB6-43702F41B286}"
EndProject
Project("{2150E333-8FDC-42A3-9474-1A3956D46DE8}") = "Shared", "Shared", "{2ED57392-50E5-46D8-8A77-543E0BE3B83A}"
EndProject
Project("{D954291E-2A0B-460D-934E-DC6B0785DB48}") = "Babylon2GLTF", "Shared\Babylon2GLTF\Babylon2GLTF.shproj", "{4B6DADF1-6DCE-4134-A856-F8EBBD3E2F3F}"
EndProject
Project("{D954291E-2A0B-460D-934E-DC6B0785DB48}") = "BabylonExport.Entities", "Shared\BabylonExport.Entities\BabylonExport.Entities.shproj", "{C804C11B-2DFF-4EAE-AC7A-14D0A1CE5009}"
EndProject
Project("{D954291E-2A0B-460D-934E-DC6B0785DB48}") = "BabylonFileConverter", "Shared\BabylonFileConverter\BabylonFileConverter.shproj", "{D6BF3C13-3F68-4CD1-BC12-C4E3C8802DD4}"
EndProject
Project("{D954291E-2A0B-460D-934E-DC6B0785DB48}") = "GltfExport.Entities", "Shared\GltfExport.Entities\GltfExport.Entities.shproj", "{2B248FE6-ACCA-426B-9FE8-C47ECC0673A0}"
EndProject
Project("{D954291E-2A0B-460D-934E-DC6B0785DB48}") = "Utilities", "Shared\Utilities\Utilities.shproj", "{AF8ED8E5-A184-4353-90D6-8C78E69D99F3}"
EndProject
Project("{FAE04EC0-301F-11D3-BF4B-00C04F79EFBC}") = "RevitGLTF2020", "RevitGLTF\RevitGLTF2020.csproj", "{CD654A82-7DD2-4972-B07A-DE4888AA8498}"
EndProject
Project("{FAE04EC0-301F-11D3-BF4B-00C04F79EFBC}") = "MaterialAssetViewer", "MaterialAssetViewer\MaterialAssetViewer.csproj", "{94C392BF-40E8-4632-B282-C835C411F51E}"
EndProject
Global
	GlobalSection(SharedMSBuildProjectFiles) = preSolution
		Shared\GltfExport.Entities\GltfExport.Entities.projitems*{2b248fe6-acca-426b-9fe8-c47ecc0673a0}*SharedItemsImports = 13
		Shared\Babylon2GLTF\Babylon2GLTF.projitems*{4b6dadf1-6dce-4134-a856-f8ebbd3e2f3f}*SharedItemsImports = 13
		Shared\Utilities\Utilities.projitems*{af8ed8e5-a184-4353-90d6-8c78e69d99f3}*SharedItemsImports = 13
		Shared\BabylonExport.Entities\BabylonExport.Entities.projitems*{c804c11b-2dff-4eae-ac7a-14d0a1ce5009}*SharedItemsImports = 13
		Shared\Babylon2GLTF\Babylon2GLTF.projitems*{cd654a82-7dd2-4972-b07a-de4888aa8498}*SharedItemsImports = 4
		Shared\BabylonExport.Entities\BabylonExport.Entities.projitems*{cd654a82-7dd2-4972-b07a-de4888aa8498}*SharedItemsImports = 4
		Shared\BabylonFileConverter\BabylonFileConverter.projitems*{cd654a82-7dd2-4972-b07a-de4888aa8498}*SharedItemsImports = 4
		Shared\GltfExport.Entities\GltfExport.Entities.projitems*{cd654a82-7dd2-4972-b07a-de4888aa8498}*SharedItemsImports = 4
		Shared\Utilities\Utilities.projitems*{cd654a82-7dd2-4972-b07a-de4888aa8498}*SharedItemsImports = 4
		Shared\BabylonFileConverter\BabylonFileConverter.projitems*{d6bf3c13-3f68-4cd1-bc12-c4e3c8802dd4}*SharedItemsImports = 13
	EndGlobalSection
	GlobalSection(SolutionConfigurationPlatforms) = preSolution
		Debug|Any CPU = Debug|Any CPU
		Debug|x64 = Debug|x64
		Release|Any CPU = Release|Any CPU
		Release|x64 = Release|x64
	EndGlobalSection
	GlobalSection(ProjectConfigurationPlatforms) = postSolution
		{CD654A82-7DD2-4972-B07A-DE4888AA8498}.Debug|Any CPU.ActiveCfg = Debug|x64
		{CD654A82-7DD2-4972-B07A-DE4888AA8498}.Debug|Any CPU.Build.0 = Debug|x64
		{CD654A82-7DD2-4972-B07A-DE4888AA8498}.Debug|x64.ActiveCfg = Debug|x64
		{CD654A82-7DD2-4972-B07A-DE4888AA8498}.Debug|x64.Build.0 = Debug|x64
		{CD654A82-7DD2-4972-B07A-DE4888AA8498}.Release|Any CPU.ActiveCfg = Release|x64
		{CD654A82-7DD2-4972-B07A-DE4888AA8498}.Release|x64.ActiveCfg = Release|x64
		{CD654A82-7DD2-4972-B07A-DE4888AA8498}.Release|x64.Build.0 = Release|x64
		{94C392BF-40E8-4632-B282-C835C411F51E}.Debug|Any CPU.ActiveCfg = Debug|Any CPU
		{94C392BF-40E8-4632-B282-C835C411F51E}.Debug|Any CPU.Build.0 = Debug|Any CPU
		{94C392BF-40E8-4632-B282-C835C411F51E}.Debug|x64.ActiveCfg = Debug|Any CPU
		{94C392BF-40E8-4632-B282-C835C411F51E}.Debug|x64.Build.0 = Debug|Any CPU
		{94C392BF-40E8-4632-B282-C835C411F51E}.Release|Any CPU.ActiveCfg = Release|Any CPU
		{94C392BF-40E8-4632-B282-C835C411F51E}.Release|Any CPU.Build.0 = Release|Any CPU
		{94C392BF-40E8-4632-B282-C835C411F51E}.Release|x64.ActiveCfg = Release|Any CPU
		{94C392BF-40E8-4632-B282-C835C411F51E}.Release|x64.Build.0 = Release|Any CPU
	EndGlobalSection
	GlobalSection(SolutionProperties) = preSolution
		HideSolutionNode = FALSE
	EndGlobalSection
	GlobalSection(NestedProjects) = preSolution
		{4B6DADF1-6DCE-4134-A856-F8EBBD3E2F3F} = {2ED57392-50E5-46D8-8A77-543E0BE3B83A}
		{C804C11B-2DFF-4EAE-AC7A-14D0A1CE5009} = {2ED57392-50E5-46D8-8A77-543E0BE3B83A}
		{D6BF3C13-3F68-4CD1-BC12-C4E3C8802DD4} = {2ED57392-50E5-46D8-8A77-543E0BE3B83A}
		{2B248FE6-ACCA-426B-9FE8-C47ECC0673A0} = {2ED57392-50E5-46D8-8A77-543E0BE3B83A}
		{AF8ED8E5-A184-4353-90D6-8C78E69D99F3} = {2ED57392-50E5-46D8-8A77-543E0BE3B83A}
		{CD654A82-7DD2-4972-B07A-DE4888AA8498} = {33915B34-2C79-46FB-ADB6-43702F41B286}
		{94C392BF-40E8-4632-B282-C835C411F51E} = {33915B34-2C79-46FB-ADB6-43702F41B286}
	EndGlobalSection
	GlobalSection(ExtensibilityGlobals) = postSolution
		SolutionGuid = {C5C8DB1F-010F-4043-8EA2-111DA485583E}
	EndGlobalSection
EndGlobal
